
Microsoft Visual Studio Solution File, Format Version 12.00
# Visual Studio Version 17
VisualStudioVersion = 17.3.32819.101
MinimumVisualStudioVersion = 10.0.40219.1
Project("{FAE04EC0-301F-11D3-BF4B-00C04F79EFBC}") = "ECommerce.IDServer", "ECommerce.IDServer\ECommerce.IDServer.csproj", "{52B20A6F-4B8C-47CA-9039-D35AED2E4380}"
EndProject
Global
	GlobalSection(SolutionConfigurationPlatforms) = preSolution
		Debug|Any CPU = Debug|Any CPU
		Release|Any CPU = Release|Any CPU
	EndGlobalSection
	GlobalSection(ProjectConfigurationPlatforms) = postSolution
		{52B20A6F-4B8C-47CA-9039-D35AED2E4380}.Debug|Any CPU.ActiveCfg = Debug|Any CPU
		{52B20A6F-4B8C-47CA-9039-D35AED2E4380}.Debug|Any CPU.Build.0 = Debug|Any CPU
		{52B20A6F-4B8C-47CA-9039-D35AED2E4380}.Release|Any CPU.ActiveCfg = Release|Any CPU
		{52B20A6F-4B8C-47CA-9039-D35AED2E4380}.Release|Any CPU.Build.0 = Release|Any CPU
	EndGlobalSection
	GlobalSection(SolutionProperties) = preSolution
		HideSolutionNode = FALSE
	EndGlobalSection
	GlobalSection(ExtensibilityGlobals) = postSolution
		SolutionGuid = {37AB43AF-B9E4-4F08-9944-CAA2BC39C9BA}
	EndGlobalSection
EndGlobal
